
Microsoft Visual Studio Solution File, Format Version 12.00
# Visual Studio Version 16
VisualStudioVersion = 16.0.29911.84
MinimumVisualStudioVersion = 10.0.40219.1
Project("{FAE04EC0-301F-11D3-BF4B-00C04F79EFBC}") = "PP_Final_Group_Project_2020", "PP_Final_Group_Project_2020\PP_Final_Group_Project_2020.csproj", "{9B8D5228-8850-42DF-98A2-E463A25250F8}"
EndProject
Global
	GlobalSection(SolutionConfigurationPlatforms) = preSolution
		Debug|Any CPU = Debug|Any CPU
		Release|Any CPU = Release|Any CPU
	EndGlobalSection
	GlobalSection(ProjectConfigurationPlatforms) = postSolution
		{9B8D5228-8850-42DF-98A2-E463A25250F8}.Debug|Any CPU.ActiveCfg = Debug|Any CPU
		{9B8D5228-8850-42DF-98A2-E463A25250F8}.Debug|Any CPU.Build.0 = Debug|Any CPU
		{9B8D5228-8850-42DF-98A2-E463A25250F8}.Release|Any CPU.ActiveCfg = Release|Any CPU
		{9B8D5228-8850-42DF-98A2-E463A25250F8}.Release|Any CPU.Build.0 = Release|Any CPU
	EndGlobalSection
	GlobalSection(SolutionProperties) = preSolution
		HideSolutionNode = FALSE
	EndGlobalSection
	GlobalSection(ExtensibilityGlobals) = postSolution
		SolutionGuid = {99EFC41E-F82E-4F5E-819C-7EAB590D1730}
	EndGlobalSection
EndGlobal
